
Microsoft Visual Studio Solution File, Format Version 12.00
# Visual Studio Version 17
VisualStudioVersion = 17.8.34525.116
MinimumVisualStudioVersion = 10.0.40219.1
Project("{FAE04EC0-301F-11D3-BF4B-00C04F79EFBC}") = "WinFormsAddressBook", "WinFormsAddressBook\WinFormsAddressBook.csproj", "{41713C97-B9B3-4AAA-BAB3-7D1471DF4BFE}"
EndProject
Project("{FAE04EC0-301F-11D3-BF4B-00C04F79EFBC}") = "AddressBookLibrary", "AddressBookLibrary\AddressBookLibrary.csproj", "{2569150B-67B3-4219-9DEE-FFBEA3E54997}"
EndProject
Global
	GlobalSection(SolutionConfigurationPlatforms) = preSolution
		Debug|Any CPU = Debug|Any CPU
		Release|Any CPU = Release|Any CPU
	EndGlobalSection
	GlobalSection(ProjectConfigurationPlatforms) = postSolution
		{41713C97-B9B3-4AAA-BAB3-7D1471DF4BFE}.Debug|Any CPU.ActiveCfg = Debug|Any CPU
		{41713C97-B9B3-4AAA-BAB3-7D1471DF4BFE}.Debug|Any CPU.Build.0 = Debug|Any CPU
		{41713C97-B9B3-4AAA-BAB3-7D1471DF4BFE}.Release|Any CPU.ActiveCfg = Release|Any CPU
		{41713C97-B9B3-4AAA-BAB3-7D1471DF4BFE}.Release|Any CPU.Build.0 = Release|Any CPU
		{2569150B-67B3-4219-9DEE-FFBEA3E54997}.Debug|Any CPU.ActiveCfg = Debug|Any CPU
		{2569150B-67B3-4219-9DEE-FFBEA3E54997}.Debug|Any CPU.Build.0 = Debug|Any CPU
		{2569150B-67B3-4219-9DEE-FFBEA3E54997}.Release|Any CPU.ActiveCfg = Release|Any CPU
		{2569150B-67B3-4219-9DEE-FFBEA3E54997}.Release|Any CPU.Build.0 = Release|Any CPU
	EndGlobalSection
	GlobalSection(SolutionProperties) = preSolution
		HideSolutionNode = FALSE
	EndGlobalSection
	GlobalSection(ExtensibilityGlobals) = postSolution
		SolutionGuid = {681DBA23-9AB7-4C78-A768-A1E560F62AD2}
	EndGlobalSection
EndGlobal
